
Microsoft Visual Studio Solution File, Format Version 11.00
# Visual Studio 2010
Project("{FAE04EC0-301F-11D3-BF4B-00C04F79EFBC}") = "Snake-4288097e2965f09c63773f7b70aebb7434be69e9", "Assembly-CSharp-firstpass.csproj", "{F9B6B91E-5E26-1FA6-6313-F1F44E7DF155}"
EndProject
Project("{FAE04EC0-301F-11D3-BF4B-00C04F79EFBC}") = "Snake-4288097e2965f09c63773f7b70aebb7434be69e9", "Assembly-CSharp.csproj", "{19215754-D46D-CC03-D7F2-9851AC6E86FA}"
EndProject
Project("{FAE04EC0-301F-11D3-BF4B-00C04F79EFBC}") = "Snake-4288097e2965f09c63773f7b70aebb7434be69e9", "Assembly-CSharp-Editor.csproj", "{A6A03A03-FD49-5C14-DF2B-A6CDDAC37694}"
EndProject
Global
	GlobalSection(SolutionConfigurationPlatforms) = preSolution
		Debug|Any CPU = Debug|Any CPU
		Release|Any CPU = Release|Any CPU
	EndGlobalSection
	GlobalSection(ProjectConfigurationPlatforms) = postSolution
		{F9B6B91E-5E26-1FA6-6313-F1F44E7DF155}.Debug|Any CPU.ActiveCfg = Debug|Any CPU
		{F9B6B91E-5E26-1FA6-6313-F1F44E7DF155}.Debug|Any CPU.Build.0 = Debug|Any CPU
		{F9B6B91E-5E26-1FA6-6313-F1F44E7DF155}.Release|Any CPU.ActiveCfg = Release|Any CPU
		{F9B6B91E-5E26-1FA6-6313-F1F44E7DF155}.Release|Any CPU.Build.0 = Release|Any CPU
		{19215754-D46D-CC03-D7F2-9851AC6E86FA}.Debug|Any CPU.ActiveCfg = Debug|Any CPU
		{19215754-D46D-CC03-D7F2-9851AC6E86FA}.Debug|Any CPU.Build.0 = Debug|Any CPU
		{19215754-D46D-CC03-D7F2-9851AC6E86FA}.Release|Any CPU.ActiveCfg = Release|Any CPU
		{19215754-D46D-CC03-D7F2-9851AC6E86FA}.Release|Any CPU.Build.0 = Release|Any CPU
		{A6A03A03-FD49-5C14-DF2B-A6CDDAC37694}.Debug|Any CPU.ActiveCfg = Debug|Any CPU
		{A6A03A03-FD49-5C14-DF2B-A6CDDAC37694}.Debug|Any CPU.Build.0 = Debug|Any CPU
		{A6A03A03-FD49-5C14-DF2B-A6CDDAC37694}.Release|Any CPU.ActiveCfg = Release|Any CPU
		{A6A03A03-FD49-5C14-DF2B-A6CDDAC37694}.Release|Any CPU.Build.0 = Release|Any CPU
	EndGlobalSection
	GlobalSection(SolutionProperties) = preSolution
		HideSolutionNode = FALSE
	EndGlobalSection
	GlobalSection(MonoDevelopProperties) = preSolution
		StartupItem = Assembly-CSharp.csproj
	EndGlobalSection
EndGlobal
